
Microsoft Visual Studio Solution File, Format Version 12.00
# Visual Studio Version 17
VisualStudioVersion = 17.5.2.0
MinimumVisualStudioVersion = 10.0.40219.1
Project("{FAE04EC0-301F-11D3-BF4B-00C04F79EFBC}") = "NeroiStack", "NeroiStack\NeroiStack.csproj", "{2FF3FF38-2D09-D96D-1F2C-C65E8A07E0F3}"
EndProject
Project("{FAE04EC0-301F-11D3-BF4B-00C04F79EFBC}") = "NeroiStack.Agent", "NeroiStack.Agent\NeroiStack.Agent.csproj", "{926573B0-D0EC-4516-B1AD-16B1873C1C80}"
EndProject
Project("{FAE04EC0-301F-11D3-BF4B-00C04F79EFBC}") = "NeroiStack.Common", "NeroiStack.Common\NeroiStack.Common.csproj", "{D6512024-D430-4751-B01D-6692205EEE65}"
EndProject
Project("{FAE04EC0-301F-11D3-BF4B-00C04F79EFBC}") = "NeroiStack.Agent.UnitTest", "NeroiStack.Agent.UnitTest\NeroiStack.Agent.UnitTest.csproj", "{59B70265-6482-4D16-922E-EDB3D86F2538}"
EndProject
Project("{FAE04EC0-301F-11D3-BF4B-00C04F79EFBC}") = "NeroiStack.Core", "NeroiStack.Core\NeroiStack.Core.csproj", "{56F7BEE3-8FA6-4C18-B352-101A415C1733}"
EndProject
Project("{FAE04EC0-301F-11D3-BF4B-00C04F79EFBC}") = "NeroiStack.Desktop", "NeroiStack.Desktop\NeroiStack.Desktop.csproj", "{2F3D62BB-5C12-4EB5-B0C2-9FBABF6207DC}"
EndProject
Project("{FAE04EC0-301F-11D3-BF4B-00C04F79EFBC}") = "NeroiStack.Browser", "NeroiStack.Browser\NeroiStack.Browser.csproj", "{A0673CEA-A846-43B7-B0E4-CB55F8CE8C30}"
EndProject
Project("{FAE04EC0-301F-11D3-BF4B-00C04F79EFBC}") = "NeroiStack.Android", "NeroiStack.Android\NeroiStack.Android.csproj", "{9EA84B2E-476E-4747-9769-6A6BFF850038}"
EndProject
Project("{FAE04EC0-301F-11D3-BF4B-00C04F79EFBC}") = "NeroiStack.iOS", "NeroiStack.iOS\NeroiStack.iOS.csproj", "{CF687B61-B55B-4E07-B665-BF46F447C9B9}"
EndProject
Project("{2150E333-8FDC-42A3-9474-1A3956D46DE8}") = "Legacy (To be removed)", "Legacy (To be removed)", "{74B060FB-5381-78D5-CBFD-8CEB9F2C67FC}"
EndProject
Project("{2150E333-8FDC-42A3-9474-1A3956D46DE8}") = "Core", "Core", "{FBF56CC3-7AE6-AD2D-3F14-7F97FD322CD6}"
EndProject
Project("{2150E333-8FDC-42A3-9474-1A3956D46DE8}") = "Platforms", "Platforms", "{324791A1-5798-203D-0CA6-A8E0DAEC81C8}"
EndProject
Project("{2150E333-8FDC-42A3-9474-1A3956D46DE8}") = "Tests", "Tests", "{0AB3BF05-4346-4AA6-1389-037BE0695223}"
EndProject
Global
	GlobalSection(SolutionConfigurationPlatforms) = preSolution
		Debug|Any CPU = Debug|Any CPU
		Debug|x64 = Debug|x64
		Debug|x86 = Debug|x86
		Release|Any CPU = Release|Any CPU
		Release|x64 = Release|x64
		Release|x86 = Release|x86
	EndGlobalSection
	GlobalSection(ProjectConfigurationPlatforms) = postSolution
		{2FF3FF38-2D09-D96D-1F2C-C65E8A07E0F3}.Debug|Any CPU.ActiveCfg = Debug|Any CPU
		{2FF3FF38-2D09-D96D-1F2C-C65E8A07E0F3}.Debug|Any CPU.Build.0 = Debug|Any CPU
		{2FF3FF38-2D09-D96D-1F2C-C65E8A07E0F3}.Debug|x64.ActiveCfg = Debug|Any CPU
		{2FF3FF38-2D09-D96D-1F2C-C65E8A07E0F3}.Debug|x64.Build.0 = Debug|Any CPU
		{2FF3FF38-2D09-D96D-1F2C-C65E8A07E0F3}.Debug|x86.ActiveCfg = Debug|Any CPU
		{2FF3FF38-2D09-D96D-1F2C-C65E8A07E0F3}.Debug|x86.Build.0 = Debug|Any CPU
		{2FF3FF38-2D09-D96D-1F2C-C65E8A07E0F3}.Release|Any CPU.ActiveCfg = Release|Any CPU
		{2FF3FF38-2D09-D96D-1F2C-C65E8A07E0F3}.Release|Any CPU.Build.0 = Release|Any CPU
		{2FF3FF38-2D09-D96D-1F2C-C65E8A07E0F3}.Release|x64.ActiveCfg = Release|Any CPU
		{2FF3FF38-2D09-D96D-1F2C-C65E8A07E0F3}.Release|x64.Build.0 = Release|Any CPU
		{2FF3FF38-2D09-D96D-1F2C-C65E8A07E0F3}.Release|x86.ActiveCfg = Release|Any CPU
		{2FF3FF38-2D09-D96D-1F2C-C65E8A07E0F3}.Release|x86.Build.0 = Release|Any CPU
		{926573B0-D0EC-4516-B1AD-16B1873C1C80}.Debug|Any CPU.ActiveCfg = Debug|Any CPU
		{926573B0-D0EC-4516-B1AD-16B1873C1C80}.Debug|Any CPU.Build.0 = Debug|Any CPU
		{926573B0-D0EC-4516-B1AD-16B1873C1C80}.Debug|x64.ActiveCfg = Debug|Any CPU
		{926573B0-D0EC-4516-B1AD-16B1873C1C80}.Debug|x64.Build.0 = Debug|Any CPU
		{926573B0-D0EC-4516-B1AD-16B1873C1C80}.Debug|x86.ActiveCfg = Debug|Any CPU
		{926573B0-D0EC-4516-B1AD-16B1873C1C80}.Debug|x86.Build.0 = Debug|Any CPU
		{926573B0-D0EC-4516-B1AD-16B1873C1C80}.Release|Any CPU.ActiveCfg = Release|Any CPU
		{926573B0-D0EC-4516-B1AD-16B1873C1C80}.Release|Any CPU.Build.0 = Release|Any CPU
		{926573B0-D0EC-4516-B1AD-16B1873C1C80}.Release|x64.ActiveCfg = Release|Any CPU
		{926573B0-D0EC-4516-B1AD-16B1873C1C80}.Release|x64.Build.0 = Release|Any CPU
		{926573B0-D0EC-4516-B1AD-16B1873C1C80}.Release|x86.ActiveCfg = Release|Any CPU
		{926573B0-D0EC-4516-B1AD-16B1873C1C80}.Release|x86.Build.0 = Release|Any CPU
		{D6512024-D430-4751-B01D-6692205EEE65}.Debug|Any CPU.ActiveCfg = Debug|Any CPU
		{D6512024-D430-4751-B01D-6692205EEE65}.Debug|Any CPU.Build.0 = Debug|Any CPU
		{D6512024-D430-4751-B01D-6692205EEE65}.Debug|x64.ActiveCfg = Debug|Any CPU
		{D6512024-D430-4751-B01D-6692205EEE65}.Debug|x64.Build.0 = Debug|Any CPU
		{D6512024-D430-4751-B01D-6692205EEE65}.Debug|x86.ActiveCfg = Debug|Any CPU
		{D6512024-D430-4751-B01D-6692205EEE65}.Debug|x86.Build.0 = Debug|Any CPU
		{D6512024-D430-4751-B01D-6692205EEE65}.Release|Any CPU.ActiveCfg = Release|Any CPU
		{D6512024-D430-4751-B01D-6692205EEE65}.Release|Any CPU.Build.0 = Release|Any CPU
		{D6512024-D430-4751-B01D-6692205EEE65}.Release|x64.ActiveCfg = Release|Any CPU
		{D6512024-D430-4751-B01D-6692205EEE65}.Release|x64.Build.0 = Release|Any CPU
		{D6512024-D430-4751-B01D-6692205EEE65}.Release|x86.ActiveCfg = Release|Any CPU
		{D6512024-D430-4751-B01D-6692205EEE65}.Release|x86.Build.0 = Release|Any CPU
		{59B70265-6482-4D16-922E-EDB3D86F2538}.Debug|Any CPU.ActiveCfg = Debug|Any CPU
		{59B70265-6482-4D16-922E-EDB3D86F2538}.Debug|Any CPU.Build.0 = Debug|Any CPU
		{59B70265-6482-4D16-922E-EDB3D86F2538}.Debug|x64.ActiveCfg = Debug|Any CPU
		{59B70265-6482-4D16-922E-EDB3D86F2538}.Debug|x64.Build.0 = Debug|Any CPU
		{59B70265-6482-4D16-922E-EDB3D86F2538}.Debug|x86.ActiveCfg = Debug|Any CPU
		{59B70265-6482-4D16-922E-EDB3D86F2538}.Debug|x86.Build.0 = Debug|Any CPU
		{59B70265-6482-4D16-922E-EDB3D86F2538}.Release|Any CPU.ActiveCfg = Release|Any CPU
		{59B70265-6482-4D16-922E-EDB3D86F2538}.Release|Any CPU.Build.0 = Release|Any CPU
		{59B70265-6482-4D16-922E-EDB3D86F2538}.Release|x64.ActiveCfg = Release|Any CPU
		{59B70265-6482-4D16-922E-EDB3D86F2538}.Release|x64.Build.0 = Release|Any CPU
		{59B70265-6482-4D16-922E-EDB3D86F2538}.Release|x86.ActiveCfg = Release|Any CPU
		{59B70265-6482-4D16-922E-EDB3D86F2538}.Release|x86.Build.0 = Release|Any CPU
		{56F7BEE3-8FA6-4C18-B352-101A415C1733}.Debug|Any CPU.ActiveCfg = Debug|Any CPU
		{56F7BEE3-8FA6-4C18-B352-101A415C1733}.Debug|Any CPU.Build.0 = Debug|Any CPU
		{56F7BEE3-8FA6-4C18-B352-101A415C1733}.Debug|x64.ActiveCfg = Debug|Any CPU
		{56F7BEE3-8FA6-4C18-B352-101A415C1733}.Debug|x64.Build.0 = Debug|Any CPU
		{56F7BEE3-8FA6-4C18-B352-101A415C1733}.Debug|x86.ActiveCfg = Debug|Any CPU
		{56F7BEE3-8FA6-4C18-B352-101A415C1733}.Debug|x86.Build.0 = Debug|Any CPU
		{56F7BEE3-8FA6-4C18-B352-101A415C1733}.Release|Any CPU.ActiveCfg = Release|Any CPU
		{56F7BEE3-8FA6-4C18-B352-101A415C1733}.Release|Any CPU.Build.0 = Release|Any CPU
		{56F7BEE3-8FA6-4C18-B352-101A415C1733}.Release|x64.ActiveCfg = Release|Any CPU
		{56F7BEE3-8FA6-4C18-B352-101A415C1733}.Release|x64.Build.0 = Release|Any CPU
		{56F7BEE3-8FA6-4C18-B352-101A415C1733}.Release|x86.ActiveCfg = Release|Any CPU
		{56F7BEE3-8FA6-4C18-B352-101A415C1733}.Release|x86.Build.0 = Release|Any CPU
		{2F3D62BB-5C12-4EB5-B0C2-9FBABF6207DC}.Debug|Any CPU.ActiveCfg = Debug|Any CPU
		{2F3D62BB-5C12-4EB5-B0C2-9FBABF6207DC}.Debug|Any CPU.Build.0 = Debug|Any CPU
		{2F3D62BB-5C12-4EB5-B0C2-9FBABF6207DC}.Debug|x64.ActiveCfg = Debug|Any CPU
		{2F3D62BB-5C12-4EB5-B0C2-9FBABF6207DC}.Debug|x64.Build.0 = Debug|Any CPU
		{2F3D62BB-5C12-4EB5-B0C2-9FBABF6207DC}.Debug|x86.ActiveCfg = Debug|Any CPU
		{2F3D62BB-5C12-4EB5-B0C2-9FBABF6207DC}.Debug|x86.Build.0 = Debug|Any CPU
		{2F3D62BB-5C12-4EB5-B0C2-9FBABF6207DC}.Release|Any CPU.ActiveCfg = Release|Any CPU
		{2F3D62BB-5C12-4EB5-B0C2-9FBABF6207DC}.Release|Any CPU.Build.0 = Release|Any CPU
		{2F3D62BB-5C12-4EB5-B0C2-9FBABF6207DC}.Release|x64.ActiveCfg = Release|Any CPU
		{2F3D62BB-5C12-4EB5-B0C2-9FBABF6207DC}.Release|x64.Build.0 = Release|Any CPU
		{2F3D62BB-5C12-4EB5-B0C2-9FBABF6207DC}.Release|x86.ActiveCfg = Release|Any CPU
		{2F3D62BB-5C12-4EB5-B0C2-9FBABF6207DC}.Release|x86.Build.0 = Release|Any CPU
		{A0673CEA-A846-43B7-B0E4-CB55F8CE8C30}.Debug|Any CPU.ActiveCfg = Debug|Any CPU
		{A0673CEA-A846-43B7-B0E4-CB55F8CE8C30}.Debug|Any CPU.Build.0 = Debug|Any CPU
		{A0673CEA-A846-43B7-B0E4-CB55F8CE8C30}.Debug|x64.ActiveCfg = Debug|Any CPU
		{A0673CEA-A846-43B7-B0E4-CB55F8CE8C30}.Debug|x64.Build.0 = Debug|Any CPU
		{A0673CEA-A846-43B7-B0E4-CB55F8CE8C30}.Debug|x86.ActiveCfg = Debug|Any CPU
		{A0673CEA-A846-43B7-B0E4-CB55F8CE8C30}.Debug|x86.Build.0 = Debug|Any CPU
		{A0673CEA-A846-43B7-B0E4-CB55F8CE8C30}.Release|Any CPU.ActiveCfg = Release|Any CPU
		{A0673CEA-A846-43B7-B0E4-CB55F8CE8C30}.Release|Any CPU.Build.0 = Release|Any CPU
		{A0673CEA-A846-43B7-B0E4-CB55F8CE8C30}.Release|x64.ActiveCfg = Release|Any CPU
		{A0673CEA-A846-43B7-B0E4-CB55F8CE8C30}.Release|x64.Build.0 = Release|Any CPU
		{A0673CEA-A846-43B7-B0E4-CB55F8CE8C30}.Release|x86.ActiveCfg = Release|Any CPU
		{A0673CEA-A846-43B7-B0E4-CB55F8CE8C30}.Release|x86.Build.0 = Release|Any CPU
		{9EA84B2E-476E-4747-9769-6A6BFF850038}.Debug|Any CPU.ActiveCfg = Debug|Any CPU
		{9EA84B2E-476E-4747-9769-6A6BFF850038}.Debug|Any CPU.Build.0 = Debug|Any CPU
		{9EA84B2E-476E-4747-9769-6A6BFF850038}.Debug|x64.ActiveCfg = Debug|Any CPU
		{9EA84B2E-476E-4747-9769-6A6BFF850038}.Debug|x64.Build.0 = Debug|Any CPU
		{9EA84B2E-476E-4747-9769-6A6BFF850038}.Debug|x86.ActiveCfg = Debug|Any CPU
		{9EA84B2E-476E-4747-9769-6A6BFF850038}.Debug|x86.Build.0 = Debug|Any CPU
		{9EA84B2E-476E-4747-9769-6A6BFF850038}.Release|Any CPU.ActiveCfg = Release|Any CPU
		{9EA84B2E-476E-4747-9769-6A6BFF850038}.Release|Any CPU.Build.0 = Release|Any CPU
		{9EA84B2E-476E-4747-9769-6A6BFF850038}.Release|x64.ActiveCfg = Release|Any CPU
		{9EA84B2E-476E-4747-9769-6A6BFF850038}.Release|x64.Build.0 = Release|Any CPU
		{9EA84B2E-476E-4747-9769-6A6BFF850038}.Release|x86.ActiveCfg = Release|Any CPU
		{9EA84B2E-476E-4747-9769-6A6BFF850038}.Release|x86.Build.0 = Release|Any CPU
		{CF687B61-B55B-4E07-B665-BF46F447C9B9}.Debug|Any CPU.ActiveCfg = Debug|Any CPU
		{CF687B61-B55B-4E07-B665-BF46F447C9B9}.Debug|Any CPU.Build.0 = Debug|Any CPU
		{CF687B61-B55B-4E07-B665-BF46F447C9B9}.Debug|x64.ActiveCfg = Debug|Any CPU
		{CF687B61-B55B-4E07-B665-BF46F447C9B9}.Debug|x64.Build.0 = Debug|Any CPU
		{CF687B61-B55B-4E07-B665-BF46F447C9B9}.Debug|x86.ActiveCfg = Debug|Any CPU
		{CF687B61-B55B-4E07-B665-BF46F447C9B9}.Debug|x86.Build.0 = Debug|Any CPU
		{CF687B61-B55B-4E07-B665-BF46F447C9B9}.Release|Any CPU.ActiveCfg = Release|Any CPU
		{CF687B61-B55B-4E07-B665-BF46F447C9B9}.Release|Any CPU.Build.0 = Release|Any CPU
		{CF687B61-B55B-4E07-B665-BF46F447C9B9}.Release|x64.ActiveCfg = Release|Any CPU
		{CF687B61-B55B-4E07-B665-BF46F447C9B9}.Release|x64.Build.0 = Release|Any CPU
		{CF687B61-B55B-4E07-B665-BF46F447C9B9}.Release|x86.ActiveCfg = Release|Any CPU
		{CF687B61-B55B-4E07-B665-BF46F447C9B9}.Release|x86.Build.0 = Release|Any CPU
	EndGlobalSection
	GlobalSection(SolutionProperties) = preSolution
		HideSolutionNode = FALSE
	EndGlobalSection
	GlobalSection(ExtensibilityGlobals) = postSolution
		SolutionGuid = {C4214CF6-068F-4324-9523-C4C750E0E96A}
	EndGlobalSection
EndGlobal
